
Microsoft Visual Studio Solution File, Format Version 12.00
# Visual Studio 15
Project("{FAE04EC0-301F-11D3-BF4B-00C04F79EFBC}") = "Zenject", "Zenject.csproj", "{C26A23A9-CA11-9DFD-9B44-BCC658442A03}"
EndProject
Project("{FAE04EC0-301F-11D3-BF4B-00C04F79EFBC}") = "Zenject-UnitTests-Editor", "Zenject-UnitTests-Editor.csproj", "{9AAF5B9C-CDBA-247D-ED41-E4056B3B002C}"
EndProject
Project("{FAE04EC0-301F-11D3-BF4B-00C04F79EFBC}") = "Zenject-IntegrationTests", "Zenject-IntegrationTests.csproj", "{C19180BE-340A-0686-2B9B-2484330B04A6}"
EndProject
Project("{FAE04EC0-301F-11D3-BF4B-00C04F79EFBC}") = "Zenject-IntegrationTests-Editor", "Zenject-IntegrationTests-Editor.csproj", "{A4F92A03-B7D9-17C9-947E-C5FB700F1D9E}"
EndProject
Project("{FAE04EC0-301F-11D3-BF4B-00C04F79EFBC}") = "Zenject-ReflectionBaking-Editor", "Zenject-ReflectionBaking-Editor.csproj", "{EBD9961A-197E-56B3-0774-39B298E748A0}"
EndProject
Project("{FAE04EC0-301F-11D3-BF4B-00C04F79EFBC}") = "Zenject-Editor", "Zenject-Editor.csproj", "{0C3F2E75-B652-BB80-399B-34F420253521}"
EndProject
Project("{FAE04EC0-301F-11D3-BF4B-00C04F79EFBC}") = "Assembly-CSharp", "Assembly-CSharp.csproj", "{60555076-68FC-36FB-76C6-B4776A91AD8C}"
EndProject
Project("{FAE04EC0-301F-11D3-BF4B-00C04F79EFBC}") = "DOTween.Modules", "DOTween.Modules.csproj", "{16653C1E-C73E-DB51-06B0-C37634D214DA}"
EndProject
Project("{FAE04EC0-301F-11D3-BF4B-00C04F79EFBC}") = "Zenject-TestFramework", "Zenject-TestFramework.csproj", "{EA97299F-F782-FD36-EC04-C1928A238954}"
EndProject
Project("{FAE04EC0-301F-11D3-BF4B-00C04F79EFBC}") = "Zenject-PoolMonitor-Editor", "Zenject-PoolMonitor-Editor.csproj", "{499008FE-C0CE-BCB8-8453-2C9F3B781567}"
EndProject
Global
	GlobalSection(SolutionConfigurationPlatforms) = preSolution
		Debug|Any CPU = Debug|Any CPU
		Release|Any CPU = Release|Any CPU
	EndGlobalSection
	GlobalSection(ProjectConfigurationPlatforms) = postSolution
		{C26A23A9-CA11-9DFD-9B44-BCC658442A03}.Debug|Any CPU.ActiveCfg = Debug|Any CPU
		{C26A23A9-CA11-9DFD-9B44-BCC658442A03}.Debug|Any CPU.Build.0 = Debug|Any CPU
		{C26A23A9-CA11-9DFD-9B44-BCC658442A03}.Release|Any CPU.ActiveCfg = Release|Any CPU
		{C26A23A9-CA11-9DFD-9B44-BCC658442A03}.Release|Any CPU.Build.0 = Release|Any CPU
		{9AAF5B9C-CDBA-247D-ED41-E4056B3B002C}.Debug|Any CPU.ActiveCfg = Debug|Any CPU
		{9AAF5B9C-CDBA-247D-ED41-E4056B3B002C}.Debug|Any CPU.Build.0 = Debug|Any CPU
		{9AAF5B9C-CDBA-247D-ED41-E4056B3B002C}.Release|Any CPU.ActiveCfg = Release|Any CPU
		{9AAF5B9C-CDBA-247D-ED41-E4056B3B002C}.Release|Any CPU.Build.0 = Release|Any CPU
		{C19180BE-340A-0686-2B9B-2484330B04A6}.Debug|Any CPU.ActiveCfg = Debug|Any CPU
		{C19180BE-340A-0686-2B9B-2484330B04A6}.Debug|Any CPU.Build.0 = Debug|Any CPU
		{C19180BE-340A-0686-2B9B-2484330B04A6}.Release|Any CPU.ActiveCfg = Release|Any CPU
		{C19180BE-340A-0686-2B9B-2484330B04A6}.Release|Any CPU.Build.0 = Release|Any CPU
		{A4F92A03-B7D9-17C9-947E-C5FB700F1D9E}.Debug|Any CPU.ActiveCfg = Debug|Any CPU
		{A4F92A03-B7D9-17C9-947E-C5FB700F1D9E}.Debug|Any CPU.Build.0 = Debug|Any CPU
		{A4F92A03-B7D9-17C9-947E-C5FB700F1D9E}.Release|Any CPU.ActiveCfg = Release|Any CPU
		{A4F92A03-B7D9-17C9-947E-C5FB700F1D9E}.Release|Any CPU.Build.0 = Release|Any CPU
		{EBD9961A-197E-56B3-0774-39B298E748A0}.Debug|Any CPU.ActiveCfg = Debug|Any CPU
		{EBD9961A-197E-56B3-0774-39B298E748A0}.Debug|Any CPU.Build.0 = Debug|Any CPU
		{EBD9961A-197E-56B3-0774-39B298E748A0}.Release|Any CPU.ActiveCfg = Release|Any CPU
		{EBD9961A-197E-56B3-0774-39B298E748A0}.Release|Any CPU.Build.0 = Release|Any CPU
		{0C3F2E75-B652-BB80-399B-34F420253521}.Debug|Any CPU.ActiveCfg = Debug|Any CPU
		{0C3F2E75-B652-BB80-399B-34F420253521}.Debug|Any CPU.Build.0 = Debug|Any CPU
		{0C3F2E75-B652-BB80-399B-34F420253521}.Release|Any CPU.ActiveCfg = Release|Any CPU
		{0C3F2E75-B652-BB80-399B-34F420253521}.Release|Any CPU.Build.0 = Release|Any CPU
		{60555076-68FC-36FB-76C6-B4776A91AD8C}.Debug|Any CPU.ActiveCfg = Debug|Any CPU
		{60555076-68FC-36FB-76C6-B4776A91AD8C}.Debug|Any CPU.Build.0 = Debug|Any CPU
		{60555076-68FC-36FB-76C6-B4776A91AD8C}.Release|Any CPU.ActiveCfg = Release|Any CPU
		{60555076-68FC-36FB-76C6-B4776A91AD8C}.Release|Any CPU.Build.0 = Release|Any CPU
		{16653C1E-C73E-DB51-06B0-C37634D214DA}.Debug|Any CPU.ActiveCfg = Debug|Any CPU
		{16653C1E-C73E-DB51-06B0-C37634D214DA}.Debug|Any CPU.Build.0 = Debug|Any CPU
		{16653C1E-C73E-DB51-06B0-C37634D214DA}.Release|Any CPU.ActiveCfg = Release|Any CPU
		{16653C1E-C73E-DB51-06B0-C37634D214DA}.Release|Any CPU.Build.0 = Release|Any CPU
		{EA97299F-F782-FD36-EC04-C1928A238954}.Debug|Any CPU.ActiveCfg = Debug|Any CPU
		{EA97299F-F782-FD36-EC04-C1928A238954}.Debug|Any CPU.Build.0 = Debug|Any CPU
		{EA97299F-F782-FD36-EC04-C1928A238954}.Release|Any CPU.ActiveCfg = Release|Any CPU
		{EA97299F-F782-FD36-EC04-C1928A238954}.Release|Any CPU.Build.0 = Release|Any CPU
		{499008FE-C0CE-BCB8-8453-2C9F3B781567}.Debug|Any CPU.ActiveCfg = Debug|Any CPU
		{499008FE-C0CE-BCB8-8453-2C9F3B781567}.Debug|Any CPU.Build.0 = Debug|Any CPU
		{499008FE-C0CE-BCB8-8453-2C9F3B781567}.Release|Any CPU.ActiveCfg = Release|Any CPU
		{499008FE-C0CE-BCB8-8453-2C9F3B781567}.Release|Any CPU.Build.0 = Release|Any CPU
	EndGlobalSection
	GlobalSection(SolutionProperties) = preSolution
		HideSolutionNode = FALSE
	EndGlobalSection
EndGlobal
